// !$*UTF8*$!
{
	archiveVersion = 1;
	classes = {
	};
	objectVersion = 46;
	objects = {

/* Begin PBXBuildFile section */
		E60A5B7B1ED41D4A00EC1588 /* GameTVCell.swift in Sources */ = {isa = PBXBuildFile; fileRef = E60A5B7A1ED41D4A00EC1588 /* GameTVCell.swift */; };
		E60A5B831ED42D8700EC1588 /* GamesViewModel.swift in Sources */ = {isa = PBXBuildFile; fileRef = E60A5B821ED42D8700EC1588 /* GamesViewModel.swift */; };
		E60A5B851ED4542A00EC1588 /* MockDataCreator.swift in Sources */ = {isa = PBXBuildFile; fileRef = E60A5B841ED4542A00EC1588 /* MockDataCreator.swift */; };
		E60A5B871ED45C6000EC1588 /* Assets.xcassets in Resources */ = {isa = PBXBuildFile; fileRef = E60A5B861ED45C6000EC1588 /* Assets.xcassets */; };
		E60A5B8B1ED494EF00EC1588 /* Teams.plist in Resources */ = {isa = PBXBuildFile; fileRef = E60A5B8A1ED494EF00EC1588 /* Teams.plist */; };
		E631BF4C1ED2E3E200569225 /* AppDelegate.swift in Sources */ = {isa = PBXBuildFile; fileRef = E631BF4B1ED2E3E200569225 /* AppDelegate.swift */; };
		E631BF4E1ED2E3E200569225 /* ViewController.swift in Sources */ = {isa = PBXBuildFile; fileRef = E631BF4D1ED2E3E200569225 /* ViewController.swift */; };
		E631BF511ED2E3E200569225 /* Main.storyboard in Resources */ = {isa = PBXBuildFile; fileRef = E631BF4F1ED2E3E200569225 /* Main.storyboard */; };
		E631BF561ED2E3E200569225 /* LaunchScreen.storyboard in Resources */ = {isa = PBXBuildFile; fileRef = E631BF541ED2E3E200569225 /* LaunchScreen.storyboard */; };
		E631BF7F1ED30E4C00569225 /* UIColor+Theme.swift in Sources */ = {isa = PBXBuildFile; fileRef = E631BF7E1ED30E4C00569225 /* UIColor+Theme.swift */; };
		E631BF811ED3284C00569225 /* ShadowUIView.swift in Sources */ = {isa = PBXBuildFile; fileRef = E631BF801ED3284C00569225 /* ShadowUIView.swift */; };
		E6593B901ED3559E00C6ACB6 /* Team.swift in Sources */ = {isa = PBXBuildFile; fileRef = E6593B8F1ED3559E00C6ACB6 /* Team.swift */; };
		E6593B921ED3561F00C6ACB6 /* League.swift in Sources */ = {isa = PBXBuildFile; fileRef = E6593B911ED3561F00C6ACB6 /* League.swift */; };
		E6593B941ED3582600C6ACB6 /* Game.swift in Sources */ = {isa = PBXBuildFile; fileRef = E6593B931ED3582600C6ACB6 /* Game.swift */; };
		E6593B961ED3655F00C6ACB6 /* FilterViewController.swift in Sources */ = {isa = PBXBuildFile; fileRef = E6593B951ED3655F00C6ACB6 /* FilterViewController.swift */; };
		E6593B981ED3682500C6ACB6 /* LeagueCVCell.swift in Sources */ = {isa = PBXBuildFile; fileRef = E6593B971ED3682500C6ACB6 /* LeagueCVCell.swift */; };
		E6C80C371ED57980008E480D /* NSDate+Day.swift in Sources */ = {isa = PBXBuildFile; fileRef = E6C80C361ED57980008E480D /* NSDate+Day.swift */; };
		E6C80C391ED59054008E480D /* headerView.xib in Resources */ = {isa = PBXBuildFile; fileRef = E6C80C381ED59053008E480D /* headerView.xib */; };
		E6C80C3B1ED593F2008E480D /* headerView.swift in Sources */ = {isa = PBXBuildFile; fileRef = E6C80C3A1ED593F2008E480D /* headerView.swift */; };
		E6C80C3D1ED5A1E2008E480D /* FilterViewModel.swift in Sources */ = {isa = PBXBuildFile; fileRef = E6C80C3C1ED5A1E2008E480D /* FilterViewModel.swift */; };
		E6C80C3F1ED5B181008E480D /* GamesViewModelProtocol.swift in Sources */ = {isa = PBXBuildFile; fileRef = E6C80C3E1ED5B181008E480D /* GamesViewModelProtocol.swift */; };
		E6C80C481ED5C5AC008E480D /* UFLDemoTests.swift in Sources */ = {isa = PBXBuildFile; fileRef = E6C80C471ED5C5AC008E480D /* UFLDemoTests.swift */; };
		E6C80C521ED5D54F008E480D /* 2League.plist in Resources */ = {isa = PBXBuildFile; fileRef = E6C80C511ED5D54F008E480D /* 2League.plist */; };
		E6C80C541ED5D966008E480D /* SingleGame.plist in Resources */ = {isa = PBXBuildFile; fileRef = E6C80C531ED5D966008E480D /* SingleGame.plist */; };
/* End PBXBuildFile section */

/* Begin PBXContainerItemProxy section */
		E6C80C4A1ED5C5AC008E480D /* PBXContainerItemProxy */ = {
			isa = PBXContainerItemProxy;
			containerPortal = E631BF401ED2E3E200569225 /* Project object */;
			proxyType = 1;
			remoteGlobalIDString = E631BF471ED2E3E200569225;
			remoteInfo = UFLDemo;
		};
/* End PBXContainerItemProxy section */

/* Begin PBXFileReference section */
		E60A5B7A1ED41D4A00EC1588 /* GameTVCell.swift */ = {isa = PBXFileReference; fileEncoding = 4; lastKnownFileType = sourcecode.swift; path = GameTVCell.swift; sourceTree = "<group>"; };
		E60A5B821ED42D8700EC1588 /* GamesViewModel.swift */ = {isa = PBXFileReference; fileEncoding = 4; lastKnownFileType = sourcecode.swift; path = GamesViewModel.swift; sourceTree = "<group>"; };
		E60A5B841ED4542A00EC1588 /* MockDataCreator.swift */ = {isa = PBXFileReference; fileEncoding = 4; lastKnownFileType = sourcecode.swift; path = MockDataCreator.swift; sourceTree = "<group>"; };
		E60A5B861ED45C6000EC1588 /* Assets.xcassets */ = {isa = PBXFileReference; lastKnownFileType = folder.assetcatalog; path = Assets.xcassets; sourceTree = "<group>"; };
		E60A5B8A1ED494EF00EC1588 /* Teams.plist */ = {isa = PBXFileReference; fileEncoding = 4; lastKnownFileType = text.plist.xml; path = Teams.plist; sourceTree = "<group>"; };
		E631BF481ED2E3E200569225 /* UFLDemo.app */ = {isa = PBXFileReference; explicitFileType = wrapper.application; includeInIndex = 0; path = UFLDemo.app; sourceTree = BUILT_PRODUCTS_DIR; };
		E631BF4B1ED2E3E200569225 /* AppDelegate.swift */ = {isa = PBXFileReference; lastKnownFileType = sourcecode.swift; path = AppDelegate.swift; sourceTree = "<group>"; };
		E631BF4D1ED2E3E200569225 /* ViewController.swift */ = {isa = PBXFileReference; lastKnownFileType = sourcecode.swift; path = ViewController.swift; sourceTree = "<group>"; };
		E631BF501ED2E3E200569225 /* Base */ = {isa = PBXFileReference; lastKnownFileType = file.storyboard; name = Base; path = Base.lproj/Main.storyboard; sourceTree = "<group>"; };
		E631BF551ED2E3E200569225 /* Base */ = {isa = PBXFileReference; lastKnownFileType = file.storyboard; name = Base; path = Base.lproj/LaunchScreen.storyboard; sourceTree = "<group>"; };
		E631BF571ED2E3E200569225 /* Info.plist */ = {isa = PBXFileReference; lastKnownFileType = text.plist.xml; path = Info.plist; sourceTree = "<group>"; };
		E631BF7E1ED30E4C00569225 /* UIColor+Theme.swift */ = {isa = PBXFileReference; fileEncoding = 4; lastKnownFileType = sourcecode.swift; path = "UIColor+Theme.swift"; sourceTree = "<group>"; };
		E631BF801ED3284C00569225 /* ShadowUIView.swift */ = {isa = PBXFileReference; fileEncoding = 4; lastKnownFileType = sourcecode.swift; path = ShadowUIView.swift; sourceTree = "<group>"; };
		E6593B8F1ED3559E00C6ACB6 /* Team.swift */ = {isa = PBXFileReference; fileEncoding = 4; lastKnownFileType = sourcecode.swift; path = Team.swift; sourceTree = "<group>"; };
		E6593B911ED3561F00C6ACB6 /* League.swift */ = {isa = PBXFileReference; fileEncoding = 4; lastKnownFileType = sourcecode.swift; path = League.swift; sourceTree = "<group>"; };
		E6593B931ED3582600C6ACB6 /* Game.swift */ = {isa = PBXFileReference; fileEncoding = 4; lastKnownFileType = sourcecode.swift; path = Game.swift; sourceTree = "<group>"; };
		E6593B951ED3655F00C6ACB6 /* FilterViewController.swift */ = {isa = PBXFileReference; fileEncoding = 4; lastKnownFileType = sourcecode.swift; path = FilterViewController.swift; sourceTree = "<group>"; };
		E6593B971ED3682500C6ACB6 /* LeagueCVCell.swift */ = {isa = PBXFileReference; fileEncoding = 4; lastKnownFileType = sourcecode.swift; path = LeagueCVCell.swift; sourceTree = "<group>"; };
		E6C80C361ED57980008E480D /* NSDate+Day.swift */ = {isa = PBXFileReference; fileEncoding = 4; lastKnownFileType = sourcecode.swift; path = "NSDate+Day.swift"; sourceTree = "<group>"; };
		E6C80C381ED59053008E480D /* headerView.xib */ = {isa = PBXFileReference; fileEncoding = 4; lastKnownFileType = file.xib; path = headerView.xib; sourceTree = "<group>"; };
		E6C80C3A1ED593F2008E480D /* headerView.swift */ = {isa = PBXFileReference; fileEncoding = 4; lastKnownFileType = sourcecode.swift; path = headerView.swift; sourceTree = "<group>"; };
		E6C80C3C1ED5A1E2008E480D /* FilterViewModel.swift */ = {isa = PBXFileReference; fileEncoding = 4; lastKnownFileType = sourcecode.swift; path = FilterViewModel.swift; sourceTree = "<group>"; };
		E6C80C3E1ED5B181008E480D /* GamesViewModelProtocol.swift */ = {isa = PBXFileReference; fileEncoding = 4; lastKnownFileType = sourcecode.swift; path = GamesViewModelProtocol.swift; sourceTree = "<group>"; };
		E6C80C451ED5C5AC008E480D /* UFLDemoTests.xctest */ = {isa = PBXFileReference; explicitFileType = wrapper.cfbundle; includeInIndex = 0; path = UFLDemoTests.xctest; sourceTree = BUILT_PRODUCTS_DIR; };
		E6C80C471ED5C5AC008E480D /* UFLDemoTests.swift */ = {isa = PBXFileReference; lastKnownFileType = sourcecode.swift; path = UFLDemoTests.swift; sourceTree = "<group>"; };
		E6C80C491ED5C5AC008E480D /* Info.plist */ = {isa = PBXFileReference; lastKnownFileType = text.plist.xml; path = Info.plist; sourceTree = "<group>"; };
		E6C80C511ED5D54F008E480D /* 2League.plist */ = {isa = PBXFileReference; fileEncoding = 4; lastKnownFileType = text.plist.xml; path = 2League.plist; sourceTree = "<group>"; };
		E6C80C531ED5D966008E480D /* SingleGame.plist */ = {isa = PBXFileReference; fileEncoding = 4; lastKnownFileType = text.plist.xml; path = SingleGame.plist; sourceTree = "<group>"; };
/* End PBXFileReference section */

/* Begin PBXFrameworksBuildPhase section */
		E631BF451ED2E3E200569225 /* Frameworks */ = {
			isa = PBXFrameworksBuildPhase;
			buildActionMask = 2147483647;
			files = (
			);
			runOnlyForDeploymentPostprocessing = 0;
		};
		E6C80C421ED5C5AC008E480D /* Frameworks */ = {
			isa = PBXFrameworksBuildPhase;
			buildActionMask = 2147483647;
			files = (
			);
			runOnlyForDeploymentPostprocessing = 0;
		};
/* End PBXFrameworksBuildPhase section */

/* Begin PBXGroup section */
		E60A5B7C1ED41DEA00EC1588 /* Cells */ = {
			isa = PBXGroup;
			children = (
				E6593B971ED3682500C6ACB6 /* LeagueCVCell.swift */,
				E60A5B7A1ED41D4A00EC1588 /* GameTVCell.swift */,
				E6C80C3A1ED593F2008E480D /* headerView.swift */,
			);
			name = Cells;
			sourceTree = "<group>";
		};
		E60A5B811ED42D0B00EC1588 /* Storyboards & Assets */ = {
			isa = PBXGroup;
			children = (
				E631BF541ED2E3E200569225 /* LaunchScreen.storyboard */,
				E631BF4F1ED2E3E200569225 /* Main.storyboard */,
				E6C80C381ED59053008E480D /* headerView.xib */,
				E60A5B861ED45C6000EC1588 /* Assets.xcassets */,
			);
			name = "Storyboards & Assets";
			sourceTree = "<group>";
		};
		E631BF3F1ED2E3E200569225 = {
			isa = PBXGroup;
			children = (
				E631BF4A1ED2E3E200569225 /* UFLDemo */,
				E6C80C461ED5C5AC008E480D /* UFLDemoTests */,
				E631BF491ED2E3E200569225 /* Products */,
			);
			sourceTree = "<group>";
		};
		E631BF491ED2E3E200569225 /* Products */ = {
			isa = PBXGroup;
			children = (
				E631BF481ED2E3E200569225 /* UFLDemo.app */,
				E6C80C451ED5C5AC008E480D /* UFLDemoTests.xctest */,
			);
			name = Products;
			sourceTree = "<group>";
		};
		E631BF4A1ED2E3E200569225 /* UFLDemo */ = {
			isa = PBXGroup;
			children = (
				E631BF4B1ED2E3E200569225 /* AppDelegate.swift */,
				E631BF571ED2E3E200569225 /* Info.plist */,
				E60A5B811ED42D0B00EC1588 /* Storyboards & Assets */,
				E60A5B7C1ED41DEA00EC1588 /* Cells */,
				E631BF791ED30DBC00569225 /* Model */,
				E631BF7B1ED30DDC00569225 /* View */,
				E631BF7A1ED30DC300569225 /* ViewModel */,
				E6593B8E1ED3394700C6ACB6 /* Subclasses */,
				E631BF7D1ED30E0E00569225 /* Extensions */,
			);
			path = UFLDemo;
			sourceTree = "<group>";
		};
		E631BF791ED30DBC00569225 /* Model */ = {
			isa = PBXGroup;
			children = (
				E6593B8F1ED3559E00C6ACB6 /* Team.swift */,
				E6593B911ED3561F00C6ACB6 /* League.swift */,
				E6593B931ED3582600C6ACB6 /* Game.swift */,
				E6C80C401ED5B1AF008E480D /* MockData */,
			);
			name = Model;
			sourceTree = "<group>";
		};
		E631BF7A1ED30DC300569225 /* ViewModel */ = {
			isa = PBXGroup;
			children = (
				E6C80C3E1ED5B181008E480D /* GamesViewModelProtocol.swift */,
				E60A5B821ED42D8700EC1588 /* GamesViewModel.swift */,
				E6C80C3C1ED5A1E2008E480D /* FilterViewModel.swift */,
			);
			name = ViewModel;
			sourceTree = "<group>";
		};
		E631BF7B1ED30DDC00569225 /* View */ = {
			isa = PBXGroup;
			children = (
				E631BF4D1ED2E3E200569225 /* ViewController.swift */,
				E6593B951ED3655F00C6ACB6 /* FilterViewController.swift */,
			);
			name = View;
			sourceTree = "<group>";
		};
		E631BF7D1ED30E0E00569225 /* Extensions */ = {
			isa = PBXGroup;
			children = (
				E631BF7E1ED30E4C00569225 /* UIColor+Theme.swift */,
				E6C80C361ED57980008E480D /* NSDate+Day.swift */,
			);
			name = Extensions;
			sourceTree = "<group>";
		};
		E6593B8E1ED3394700C6ACB6 /* Subclasses */ = {
			isa = PBXGroup;
			children = (
				E631BF801ED3284C00569225 /* ShadowUIView.swift */,
			);
			name = Subclasses;
			sourceTree = "<group>";
		};
		E6C80C401ED5B1AF008E480D /* MockData */ = {
			isa = PBXGroup;
			children = (
				E60A5B841ED4542A00EC1588 /* MockDataCreator.swift */,
				E60A5B8A1ED494EF00EC1588 /* Teams.plist */,
			);
			name = MockData;
			sourceTree = "<group>";
		};
		E6C80C461ED5C5AC008E480D /* UFLDemoTests */ = {
			isa = PBXGroup;
			children = (
				E6C80C531ED5D966008E480D /* SingleGame.plist */,
				E6C80C511ED5D54F008E480D /* 2League.plist */,
				E6C80C471ED5C5AC008E480D /* UFLDemoTests.swift */,
				E6C80C491ED5C5AC008E480D /* Info.plist */,
			);
			path = UFLDemoTests;
			sourceTree = "<group>";
		};
/* End PBXGroup section */

/* Begin PBXNativeTarget section */
		E631BF471ED2E3E200569225 /* UFLDemo */ = {
			isa = PBXNativeTarget;
			buildConfigurationList = E631BF701ED2E3E200569225 /* Build configuration list for PBXNativeTarget "UFLDemo" */;
			buildPhases = (
				E631BF441ED2E3E200569225 /* Sources */,
				E631BF451ED2E3E200569225 /* Frameworks */,
				E631BF461ED2E3E200569225 /* Resources */,
			);
			buildRules = (
			);
			dependencies = (
			);
			name = UFLDemo;
			productName = UFLDemo;
			productReference = E631BF481ED2E3E200569225 /* UFLDemo.app */;
			productType = "com.apple.product-type.application";
		};
		E6C80C441ED5C5AC008E480D /* UFLDemoTests */ = {
			isa = PBXNativeTarget;
			buildConfigurationList = E6C80C4C1ED5C5AD008E480D /* Build configuration list for PBXNativeTarget "UFLDemoTests" */;
			buildPhases = (
				E6C80C411ED5C5AC008E480D /* Sources */,
				E6C80C421ED5C5AC008E480D /* Frameworks */,
				E6C80C431ED5C5AC008E480D /* Resources */,
			);
			buildRules = (
			);
			dependencies = (
				E6C80C4B1ED5C5AC008E480D /* PBXTargetDependency */,
			);
			name = UFLDemoTests;
			productName = UFLDemoTests;
			productReference = E6C80C451ED5C5AC008E480D /* UFLDemoTests.xctest */;
			productType = "com.apple.product-type.bundle.unit-test";
		};
/* End PBXNativeTarget section */

/* Begin PBXProject section */
		E631BF401ED2E3E200569225 /* Project object */ = {
			isa = PBXProject;
			attributes = {
				LastSwiftUpdateCheck = 0820;
				LastUpgradeCheck = 0820;
				ORGANIZATIONNAME = "Anoxy Software";
				TargetAttributes = {
					E631BF471ED2E3E200569225 = {
						CreatedOnToolsVersion = 8.2;
						DevelopmentTeam = L9KT4T25TK;
						LastSwiftMigration = 0820;
						ProvisioningStyle = Automatic;
					};
					E6C80C441ED5C5AC008E480D = {
						CreatedOnToolsVersion = 8.2;
						DevelopmentTeam = L9KT4T25TK;
						ProvisioningStyle = Automatic;
						TestTargetID = E631BF471ED2E3E200569225;
					};
				};
			};
			buildConfigurationList = E631BF431ED2E3E200569225 /* Build configuration list for PBXProject "UFLDemo" */;
			compatibilityVersion = "Xcode 3.2";
			developmentRegion = English;
			hasScannedForEncodings = 0;
			knownRegions = (
				en,
				Base,
			);
			mainGroup = E631BF3F1ED2E3E200569225;
			productRefGroup = E631BF491ED2E3E200569225 /* Products */;
			projectDirPath = "";
			projectRoot = "";
			targets = (
				E631BF471ED2E3E200569225 /* UFLDemo */,
				E6C80C441ED5C5AC008E480D /* UFLDemoTests */,
			);
		};
/* End PBXProject section */

/* Begin PBXResourcesBuildPhase section */
		E631BF461ED2E3E200569225 /* Resources */ = {
			isa = PBXResourcesBuildPhase;
			buildActionMask = 2147483647;
			files = (
				E631BF561ED2E3E200569225 /* LaunchScreen.storyboard in Resources */,
				E6C80C391ED59054008E480D /* headerView.xib in Resources */,
				E60A5B871ED45C6000EC1588 /* Assets.xcassets in Resources */,
				E631BF511ED2E3E200569225 /* Main.storyboard in Resources */,
				E60A5B8B1ED494EF00EC1588 /* Teams.plist in Resources */,
			);
			runOnlyForDeploymentPostprocessing = 0;
		};
		E6C80C431ED5C5AC008E480D /* Resources */ = {
			isa = PBXResourcesBuildPhase;
			buildActionMask = 2147483647;
			files = (
				E6C80C541ED5D966008E480D /* SingleGame.plist in Resources */,
				E6C80C521ED5D54F008E480D /* 2League.plist in Resources */,
			);
			runOnlyForDeploymentPostprocessing = 0;
		};
/* End PBXResourcesBuildPhase section */

/* Begin PBXSourcesBuildPhase section */
		E631BF441ED2E3E200569225 /* Sources */ = {
			isa = PBXSourcesBuildPhase;
			buildActionMask = 2147483647;
			files = (
				E631BF811ED3284C00569225 /* ShadowUIView.swift in Sources */,
				E631BF7F1ED30E4C00569225 /* UIColor+Theme.swift in Sources */,
				E6C80C3F1ED5B181008E480D /* GamesViewModelProtocol.swift in Sources */,
				E6593B961ED3655F00C6ACB6 /* FilterViewController.swift in Sources */,
				E6C80C3B1ED593F2008E480D /* headerView.swift in Sources */,
				E60A5B7B1ED41D4A00EC1588 /* GameTVCell.swift in Sources */,
				E6593B941ED3582600C6ACB6 /* Game.swift in Sources */,
				E631BF4E1ED2E3E200569225 /* ViewController.swift in Sources */,
				E6C80C3D1ED5A1E2008E480D /* FilterViewModel.swift in Sources */,
				E6C80C371ED57980008E480D /* NSDate+Day.swift in Sources */,
				E6593B901ED3559E00C6ACB6 /* Team.swift in Sources */,
				E60A5B831ED42D8700EC1588 /* GamesViewModel.swift in Sources */,
				E6593B921ED3561F00C6ACB6 /* League.swift in Sources */,
				E631BF4C1ED2E3E200569225 /* AppDelegate.swift in Sources */,
				E60A5B851ED4542A00EC1588 /* MockDataCreator.swift in Sources */,
				E6593B981ED3682500C6ACB6 /* LeagueCVCell.swift in Sources */,
			);
			runOnlyForDeploymentPostprocessing = 0;
		};
		E6C80C411ED5C5AC008E480D /* Sources */ = {
			isa = PBXSourcesBuildPhase;
			buildActionMask = 2147483647;
			files = (
				E6C80C481ED5C5AC008E480D /* UFLDemoTests.swift in Sources */,
			);
			runOnlyForDeploymentPostprocessing = 0;
		};
/* End PBXSourcesBuildPhase section */

/* Begin PBXTargetDependency section */
		E6C80C4B1ED5C5AC008E480D /* PBXTargetDependency */ = {
			isa = PBXTargetDependency;
			target = E631BF471ED2E3E200569225 /* UFLDemo */;
			targetProxy = E6C80C4A1ED5C5AC008E480D /* PBXContainerItemProxy */;
		};
/* End PBXTargetDependency section */

/* Begin PBXVariantGroup section */
		E631BF4F1ED2E3E200569225 /* Main.storyboard */ = {
			isa = PBXVariantGroup;
			children = (
				E631BF501ED2E3E200569225 /* Base */,
			);
			name = Main.storyboard;
			sourceTree = "<group>";
		};
		E631BF541ED2E3E200569225 /* LaunchScreen.storyboard */ = {
			isa = PBXVariantGroup;
			children = (
				E631BF551ED2E3E200569225 /* Base */,
			);
			name = LaunchScreen.storyboard;
			sourceTree = "<group>";
		};
/* End PBXVariantGroup section */

/* Begin XCBuildConfiguration section */
		E631BF6E1ED2E3E200569225 /* Debug */ = {
			isa = XCBuildConfiguration;
			buildSettings = {
				ALWAYS_SEARCH_USER_PATHS = NO;
				CLANG_ANALYZER_NONNULL = YES;
				CLANG_CXX_LANGUAGE_STANDARD = "gnu++0x";
				CLANG_CXX_LIBRARY = "libc++";
				CLANG_ENABLE_MODULES = YES;
				CLANG_ENABLE_OBJC_ARC = YES;
				CLANG_WARN_BOOL_CONVERSION = YES;
				CLANG_WARN_CONSTANT_CONVERSION = YES;
				CLANG_WARN_DIRECT_OBJC_ISA_USAGE = YES_ERROR;
				CLANG_WARN_DOCUMENTATION_COMMENTS = YES;
				CLANG_WARN_EMPTY_BODY = YES;
				CLANG_WARN_ENUM_CONVERSION = YES;
				CLANG_WARN_INFINITE_RECURSION = YES;
				CLANG_WARN_INT_CONVERSION = YES;
				CLANG_WARN_OBJC_ROOT_CLASS = YES_ERROR;
				CLANG_WARN_SUSPICIOUS_MOVE = YES;
				CLANG_WARN_UNREACHABLE_CODE = YES;
				CLANG_WARN__DUPLICATE_METHOD_MATCH = YES;
				"CODE_SIGN_IDENTITY[sdk=iphoneos*]" = "iPhone Developer";
				COPY_PHASE_STRIP = NO;
				DEBUG_INFORMATION_FORMAT = dwarf;
				ENABLE_STRICT_OBJC_MSGSEND = YES;
				ENABLE_TESTABILITY = YES;
				GCC_C_LANGUAGE_STANDARD = gnu99;
				GCC_DYNAMIC_NO_PIC = NO;
				GCC_NO_COMMON_BLOCKS = YES;
				GCC_OPTIMIZATION_LEVEL = 0;
				GCC_PREPROCESSOR_DEFINITIONS = (
					"DEBUG=1",
					"$(inherited)",
				);
				GCC_WARN_64_TO_32_BIT_CONVERSION = YES;
				GCC_WARN_ABOUT_RETURN_TYPE = YES_ERROR;
				GCC_WARN_UNDECLARED_SELECTOR = YES;
				GCC_WARN_UNINITIALIZED_AUTOS = YES_AGGRESSIVE;
				GCC_WARN_UNUSED_FUNCTION = YES;
				GCC_WARN_UNUSED_VARIABLE = YES;
				IPHONEOS_DEPLOYMENT_TARGET = 8.1;
				MTL_ENABLE_DEBUG_INFO = YES;
				ONLY_ACTIVE_ARCH = YES;
				SDKROOT = iphoneos;
				SWIFT_ACTIVE_COMPILATION_CONDITIONS = DEBUG;
				SWIFT_OPTIMIZATION_LEVEL = "-Onone";
				SWIFT_VERSION = 2.3;
			};
			name = Debug;
		};
		E631BF6F1ED2E3E200569225 /* Release */ = {
			isa = XCBuildConfiguration;
			buildSettings = {
				ALWAYS_SEARCH_USER_PATHS = NO;
				CLANG_ANALYZER_NONNULL = YES;
				CLANG_CXX_LANGUAGE_STANDARD = "gnu++0x";
				CLANG_CXX_LIBRARY = "libc++";
				CLANG_ENABLE_MODULES = YES;
				CLANG_ENABLE_OBJC_ARC = YES;
				CLANG_WARN_BOOL_CONVERSION = YES;
				CLANG_WARN_CONSTANT_CONVERSION = YES;
				CLANG_WARN_DIRECT_OBJC_ISA_USAGE = YES_ERROR;
				CLANG_WARN_DOCUMENTATION_COMMENTS = YES;
				CLANG_WARN_EMPTY_BODY = YES;
				CLANG_WARN_ENUM_CONVERSION = YES;
				CLANG_WARN_INFINITE_RECURSION = YES;
				CLANG_WARN_INT_CONVERSION = YES;
				CLANG_WARN_OBJC_ROOT_CLASS = YES_ERROR;
				CLANG_WARN_SUSPICIOUS_MOVE = YES;
				CLANG_WARN_UNREACHABLE_CODE = YES;
				CLANG_WARN__DUPLICATE_METHOD_MATCH = YES;
				"CODE_SIGN_IDENTITY[sdk=iphoneos*]" = "iPhone Developer";
				COPY_PHASE_STRIP = NO;
				DEBUG_INFORMATION_FORMAT = "dwarf-with-dsym";
				ENABLE_NS_ASSERTIONS = NO;
				ENABLE_STRICT_OBJC_MSGSEND = YES;
				GCC_C_LANGUAGE_STANDARD = gnu99;
				GCC_NO_COMMON_BLOCKS = YES;
				GCC_WARN_64_TO_32_BIT_CONVERSION = YES;
				GCC_WARN_ABOUT_RETURN_TYPE = YES_ERROR;
				GCC_WARN_UNDECLARED_SELECTOR = YES;
				GCC_WARN_UNINITIALIZED_AUTOS = YES_AGGRESSIVE;
				GCC_WARN_UNUSED_FUNCTION = YES;
				GCC_WARN_UNUSED_VARIABLE = YES;
				IPHONEOS_DEPLOYMENT_TARGET = 8.1;
				MTL_ENABLE_DEBUG_INFO = NO;
				SDKROOT = iphoneos;
				SWIFT_OPTIMIZATION_LEVEL = "-Owholemodule";
				SWIFT_VERSION = 2.3;
				VALIDATE_PRODUCT = YES;
			};
			name = Release;
		};
		E631BF711ED2E3E200569225 /* Debug */ = {
			isa = XCBuildConfiguration;
			buildSettings = {
				ASSETCATALOG_COMPILER_APPICON_NAME = AppIcon;
				DEVELOPMENT_TEAM = L9KT4T25TK;
				INFOPLIST_FILE = UFLDemo/Info.plist;
				IPHONEOS_DEPLOYMENT_TARGET = 8.1;
				LD_RUNPATH_SEARCH_PATHS = "$(inherited) @executable_path/Frameworks";
				PRODUCT_BUNDLE_IDENTIFIER = com.anoxy.UFLDemo;
				PRODUCT_NAME = "$(TARGET_NAME)";
				SWIFT_VERSION = 2.3;
			};
			name = Debug;
		};
		E631BF721ED2E3E200569225 /* Release */ = {
			isa = XCBuildConfiguration;
			buildSettings = {
				ASSETCATALOG_COMPILER_APPICON_NAME = AppIcon;
				DEVELOPMENT_TEAM = L9KT4T25TK;
				INFOPLIST_FILE = UFLDemo/Info.plist;
				IPHONEOS_DEPLOYMENT_TARGET = 8.1;
				LD_RUNPATH_SEARCH_PATHS = "$(inherited) @executable_path/Frameworks";
				PRODUCT_BUNDLE_IDENTIFIER = com.anoxy.UFLDemo;
				PRODUCT_NAME = "$(TARGET_NAME)";
				SWIFT_VERSION = 2.3;
			};
			name = Release;
		};
		E6C80C4D1ED5C5AD008E480D /* Debug */ = {
			isa = XCBuildConfiguration;
			buildSettings = {
				BUNDLE_LOADER = "$(TEST_HOST)";
				DEVELOPMENT_TEAM = L9KT4T25TK;
				INFOPLIST_FILE = UFLDemoTests/Info.plist;
				IPHONEOS_DEPLOYMENT_TARGET = 10.2;
				LD_RUNPATH_SEARCH_PATHS = "$(inherited) @executable_path/Frameworks @loader_path/Frameworks";
				PRODUCT_BUNDLE_IDENTIFIER = com.anoxy.UFLDemoTests;
				PRODUCT_NAME = "$(TARGET_NAME)";
				SWIFT_VERSION = 2.3;
				TEST_HOST = "$(BUILT_PRODUCTS_DIR)/UFLDemo.app/UFLDemo";
			};
			name = Debug;
		};
		E6C80C4E1ED5C5AD008E480D /* Release */ = {
			isa = XCBuildConfiguration;
			buildSettings = {
				BUNDLE_LOADER = "$(TEST_HOST)";
				DEVELOPMENT_TEAM = L9KT4T25TK;
				INFOPLIST_FILE = UFLDemoTests/Info.plist;
				IPHONEOS_DEPLOYMENT_TARGET = 10.2;
				LD_RUNPATH_SEARCH_PATHS = "$(inherited) @executable_path/Frameworks @loader_path/Frameworks";
				PRODUCT_BUNDLE_IDENTIFIER = com.anoxy.UFLDemoTests;
				PRODUCT_NAME = "$(TARGET_NAME)";
				SWIFT_VERSION = 2.3;
				TEST_HOST = "$(BUILT_PRODUCTS_DIR)/UFLDemo.app/UFLDemo";
			};
			name = Release;
		};
/* End XCBuildConfiguration section */

/* Begin XCConfigurationList section */
		E631BF431ED2E3E200569225 /* Build configuration list for PBXProject "UFLDemo" */ = {
			isa = XCConfigurationList;
			buildConfigurations = (
				E631BF6E1ED2E3E200569225 /* Debug */,
				E631BF6F1ED2E3E200569225 /* Release */,
			);
			defaultConfigurationIsVisible = 0;
			defaultConfigurationName = Release;
		};
		E631BF701ED2E3E200569225 /* Build configuration list for PBXNativeTarget "UFLDemo" */ = {
			isa = XCConfigurationList;
			buildConfigurations = (
				E631BF711ED2E3E200569225 /* Debug */,
				E631BF721ED2E3E200569225 /* Release */,
			);
			defaultConfigurationIsVisible = 0;
			defaultConfigurationName = Release;
		};
		E6C80C4C1ED5C5AD008E480D /* Build configuration list for PBXNativeTarget "UFLDemoTests" */ = {
			isa = XCConfigurationList;
			buildConfigurations = (
				E6C80C4D1ED5C5AD008E480D /* Debug */,
				E6C80C4E1ED5C5AD008E480D /* Release */,
			);
			defaultConfigurationIsVisible = 0;
		};
/* End XCConfigurationList section */
	};
	rootObject = E631BF401ED2E3E200569225 /* Project object */;
}
